
Microsoft Visual Studio Solution File, Format Version 12.00
# Visual Studio Version 17
VisualStudioVersion = 17.0.32014.148
MinimumVisualStudioVersion = 10.0.40219.1
Project("{FAE04EC0-301F-11D3-BF4B-00C04F79EFBC}") = "01. Action Print", "01. Action Print\01. Action Print.csproj", "{D782F4F9-FD3E-4ECE-AC80-86376890090F}"
EndProject
Project("{FAE04EC0-301F-11D3-BF4B-00C04F79EFBC}") = "02. Knights of Honor", "02. Knights of Honor\02. Knights of Honor.csproj", "{BDDDE323-8D4C-467F-8DB7-AF39066278EC}"
EndProject
Project("{FAE04EC0-301F-11D3-BF4B-00C04F79EFBC}") = "03. Custom Min Function", "03. Custom Min Function\03. Custom Min Function.csproj", "{16AB69C8-69C6-4E9F-94A5-C39A921845FB}"
EndProject
Project("{FAE04EC0-301F-11D3-BF4B-00C04F79EFBC}") = "04. Find Evens or Odds", "04. Find Evens or Odds\04. Find Evens or Odds.csproj", "{2DE0B8AE-12B1-4B79-8C1A-374B84E8FCF9}"
EndProject
Project("{FAE04EC0-301F-11D3-BF4B-00C04F79EFBC}") = "05. Applied Arithmetics", "05. Applied Arithmetics\05. Applied Arithmetics.csproj", "{00F6442C-74A2-4058-940B-23342CCFBFF6}"
EndProject
Project("{FAE04EC0-301F-11D3-BF4B-00C04F79EFBC}") = "06. Reverse And Exclude", "06. Reverse And Exclude\06. Reverse And Exclude.csproj", "{6896313A-A85B-4FAF-AA0C-48785628710F}"
EndProject
Project("{FAE04EC0-301F-11D3-BF4B-00C04F79EFBC}") = "07. Predicate For Names", "07. Predicate For Names\07. Predicate For Names.csproj", "{C5BB008A-B740-4A0E-8CC5-501BE8EB87DA}"
EndProject
Project("{FAE04EC0-301F-11D3-BF4B-00C04F79EFBC}") = "08. List Of Predicates", "08. List Of Predicates\08. List Of Predicates.csproj", "{B1908D82-6214-417B-A1CD-05E214434477}"
EndProject
Project("{FAE04EC0-301F-11D3-BF4B-00C04F79EFBC}") = "09. Predicate Party!", "09. Predicate Party!\09. Predicate Party!.csproj", "{95FAD203-263F-4565-AE04-13ABA80F89F0}"
EndProject
Project("{FAE04EC0-301F-11D3-BF4B-00C04F79EFBC}") = "10. The Party Reservation Filter Module", "10. The Party Reservation Filter Module\10. The Party Reservation Filter Module.csproj", "{26C577A2-CCDD-4A7E-AEB6-81F52CCBA361}"
EndProject
Project("{FAE04EC0-301F-11D3-BF4B-00C04F79EFBC}") = "11. TriFunction", "11. TriFunction\11. TriFunction.csproj", "{7DCFAC59-824F-4627-93E1-2AF8367A01A7}"
EndProject
Global
	GlobalSection(SolutionConfigurationPlatforms) = preSolution
		Debug|Any CPU = Debug|Any CPU
		Release|Any CPU = Release|Any CPU
	EndGlobalSection
	GlobalSection(ProjectConfigurationPlatforms) = postSolution
		{D782F4F9-FD3E-4ECE-AC80-86376890090F}.Debug|Any CPU.ActiveCfg = Debug|Any CPU
		{D782F4F9-FD3E-4ECE-AC80-86376890090F}.Debug|Any CPU.Build.0 = Debug|Any CPU
		{D782F4F9-FD3E-4ECE-AC80-86376890090F}.Release|Any CPU.ActiveCfg = Release|Any CPU
		{D782F4F9-FD3E-4ECE-AC80-86376890090F}.Release|Any CPU.Build.0 = Release|Any CPU
		{BDDDE323-8D4C-467F-8DB7-AF39066278EC}.Debug|Any CPU.ActiveCfg = Debug|Any CPU
		{BDDDE323-8D4C-467F-8DB7-AF39066278EC}.Debug|Any CPU.Build.0 = Debug|Any CPU
		{BDDDE323-8D4C-467F-8DB7-AF39066278EC}.Release|Any CPU.ActiveCfg = Release|Any CPU
		{BDDDE323-8D4C-467F-8DB7-AF39066278EC}.Release|Any CPU.Build.0 = Release|Any CPU
		{16AB69C8-69C6-4E9F-94A5-C39A921845FB}.Debug|Any CPU.ActiveCfg = Debug|Any CPU
		{16AB69C8-69C6-4E9F-94A5-C39A921845FB}.Debug|Any CPU.Build.0 = Debug|Any CPU
		{16AB69C8-69C6-4E9F-94A5-C39A921845FB}.Release|Any CPU.ActiveCfg = Release|Any CPU
		{16AB69C8-69C6-4E9F-94A5-C39A921845FB}.Release|Any CPU.Build.0 = Release|Any CPU
		{2DE0B8AE-12B1-4B79-8C1A-374B84E8FCF9}.Debug|Any CPU.ActiveCfg = Debug|Any CPU
		{2DE0B8AE-12B1-4B79-8C1A-374B84E8FCF9}.Debug|Any CPU.Build.0 = Debug|Any CPU
		{2DE0B8AE-12B1-4B79-8C1A-374B84E8FCF9}.Release|Any CPU.ActiveCfg = Release|Any CPU
		{2DE0B8AE-12B1-4B79-8C1A-374B84E8FCF9}.Release|Any CPU.Build.0 = Release|Any CPU
		{00F6442C-74A2-4058-940B-23342CCFBFF6}.Debug|Any CPU.ActiveCfg = Debug|Any CPU
		{00F6442C-74A2-4058-940B-23342CCFBFF6}.Debug|Any CPU.Build.0 = Debug|Any CPU
		{00F6442C-74A2-4058-940B-23342CCFBFF6}.Release|Any CPU.ActiveCfg = Release|Any CPU
		{00F6442C-74A2-4058-940B-23342CCFBFF6}.Release|Any CPU.Build.0 = Release|Any CPU
		{6896313A-A85B-4FAF-AA0C-48785628710F}.Debug|Any CPU.ActiveCfg = Debug|Any CPU
		{6896313A-A85B-4FAF-AA0C-48785628710F}.Debug|Any CPU.Build.0 = Debug|Any CPU
		{6896313A-A85B-4FAF-AA0C-48785628710F}.Release|Any CPU.ActiveCfg = Release|Any CPU
		{6896313A-A85B-4FAF-AA0C-48785628710F}.Release|Any CPU.Build.0 = Release|Any CPU
		{C5BB008A-B740-4A0E-8CC5-501BE8EB87DA}.Debug|Any CPU.ActiveCfg = Debug|Any CPU
		{C5BB008A-B740-4A0E-8CC5-501BE8EB87DA}.Debug|Any CPU.Build.0 = Debug|Any CPU
		{C5BB008A-B740-4A0E-8CC5-501BE8EB87DA}.Release|Any CPU.ActiveCfg = Release|Any CPU
		{C5BB008A-B740-4A0E-8CC5-501BE8EB87DA}.Release|Any CPU.Build.0 = Release|Any CPU
		{B1908D82-6214-417B-A1CD-05E214434477}.Debug|Any CPU.ActiveCfg = Debug|Any CPU
		{B1908D82-6214-417B-A1CD-05E214434477}.Debug|Any CPU.Build.0 = Debug|Any CPU
		{B1908D82-6214-417B-A1CD-05E214434477}.Release|Any CPU.ActiveCfg = Release|Any CPU
		{B1908D82-6214-417B-A1CD-05E214434477}.Release|Any CPU.Build.0 = Release|Any CPU
		{95FAD203-263F-4565-AE04-13ABA80F89F0}.Debug|Any CPU.ActiveCfg = Debug|Any CPU
		{95FAD203-263F-4565-AE04-13ABA80F89F0}.Debug|Any CPU.Build.0 = Debug|Any CPU
		{95FAD203-263F-4565-AE04-13ABA80F89F0}.Release|Any CPU.ActiveCfg = Release|Any CPU
		{95FAD203-263F-4565-AE04-13ABA80F89F0}.Release|Any CPU.Build.0 = Release|Any CPU
		{26C577A2-CCDD-4A7E-AEB6-81F52CCBA361}.Debug|Any CPU.ActiveCfg = Debug|Any CPU
		{26C577A2-CCDD-4A7E-AEB6-81F52CCBA361}.Debug|Any CPU.Build.0 = Debug|Any CPU
		{26C577A2-CCDD-4A7E-AEB6-81F52CCBA361}.Release|Any CPU.ActiveCfg = Release|Any CPU
		{26C577A2-CCDD-4A7E-AEB6-81F52CCBA361}.Release|Any CPU.Build.0 = Release|Any CPU
		{7DCFAC59-824F-4627-93E1-2AF8367A01A7}.Debug|Any CPU.ActiveCfg = Debug|Any CPU
		{7DCFAC59-824F-4627-93E1-2AF8367A01A7}.Debug|Any CPU.Build.0 = Debug|Any CPU
		{7DCFAC59-824F-4627-93E1-2AF8367A01A7}.Release|Any CPU.ActiveCfg = Release|Any CPU
		{7DCFAC59-824F-4627-93E1-2AF8367A01A7}.Release|Any CPU.Build.0 = Release|Any CPU
	EndGlobalSection
	GlobalSection(SolutionProperties) = preSolution
		HideSolutionNode = FALSE
	EndGlobalSection
	GlobalSection(ExtensibilityGlobals) = postSolution
		SolutionGuid = {5E7A459C-2B3F-4CCA-8A47-DC33A831120F}
	EndGlobalSection
EndGlobal
