
Microsoft Visual Studio Solution File, Format Version 12.00
# Visual Studio Version 17
VisualStudioVersion = 17.0.32014.148
MinimumVisualStudioVersion = 10.0.40219.1
Project("{FAE04EC0-301F-11D3-BF4B-00C04F79EFBC}") = "01. Randomize Words", "01. Randomize Words\01. Randomize Words.csproj", "{3D366A1B-4F9E-486B-BAA2-6F07ABB71683}"
EndProject
Project("{FAE04EC0-301F-11D3-BF4B-00C04F79EFBC}") = "02. Big Factorial", "02. Big Factorial\02. Big Factorial.csproj", "{6B728A01-171D-4078-893A-6FA7A272965F}"
EndProject
Project("{FAE04EC0-301F-11D3-BF4B-00C04F79EFBC}") = "03. Songs", "03. Songs\03. Songs.csproj", "{16EE54EA-ECF4-4B25-B713-F7E6491DFF6A}"
EndProject
Project("{FAE04EC0-301F-11D3-BF4B-00C04F79EFBC}") = "04. Students", "04. Students\04. Students.csproj", "{922C9AAA-0F4F-4E94-949F-25E4DDB0A775}"
EndProject
Project("{FAE04EC0-301F-11D3-BF4B-00C04F79EFBC}") = "05. Students 2.0", "05. Students 2.0\05. Students 2.0.csproj", "{D0153836-0A9A-4D6C-8367-573A18943BE4}"
EndProject
Project("{FAE04EC0-301F-11D3-BF4B-00C04F79EFBC}") = "06. Store Boxes", "06. Store Boxes\06. Store Boxes.csproj", "{5291BF6F-588E-4E1A-BBEF-147C8418F21B}"
EndProject
Project("{FAE04EC0-301F-11D3-BF4B-00C04F79EFBC}") = "07. Vehicle Catalogue", "07. Vehicle Catalogue\07. Vehicle Catalogue.csproj", "{64F94A1F-9021-4976-A745-727912C898D5}"
EndProject
Global
	GlobalSection(SolutionConfigurationPlatforms) = preSolution
		Debug|Any CPU = Debug|Any CPU
		Release|Any CPU = Release|Any CPU
	EndGlobalSection
	GlobalSection(ProjectConfigurationPlatforms) = postSolution
		{3D366A1B-4F9E-486B-BAA2-6F07ABB71683}.Debug|Any CPU.ActiveCfg = Debug|Any CPU
		{3D366A1B-4F9E-486B-BAA2-6F07ABB71683}.Debug|Any CPU.Build.0 = Debug|Any CPU
		{3D366A1B-4F9E-486B-BAA2-6F07ABB71683}.Release|Any CPU.ActiveCfg = Release|Any CPU
		{3D366A1B-4F9E-486B-BAA2-6F07ABB71683}.Release|Any CPU.Build.0 = Release|Any CPU
		{6B728A01-171D-4078-893A-6FA7A272965F}.Debug|Any CPU.ActiveCfg = Debug|Any CPU
		{6B728A01-171D-4078-893A-6FA7A272965F}.Debug|Any CPU.Build.0 = Debug|Any CPU
		{6B728A01-171D-4078-893A-6FA7A272965F}.Release|Any CPU.ActiveCfg = Release|Any CPU
		{6B728A01-171D-4078-893A-6FA7A272965F}.Release|Any CPU.Build.0 = Release|Any CPU
		{16EE54EA-ECF4-4B25-B713-F7E6491DFF6A}.Debug|Any CPU.ActiveCfg = Debug|Any CPU
		{16EE54EA-ECF4-4B25-B713-F7E6491DFF6A}.Debug|Any CPU.Build.0 = Debug|Any CPU
		{16EE54EA-ECF4-4B25-B713-F7E6491DFF6A}.Release|Any CPU.ActiveCfg = Release|Any CPU
		{16EE54EA-ECF4-4B25-B713-F7E6491DFF6A}.Release|Any CPU.Build.0 = Release|Any CPU
		{922C9AAA-0F4F-4E94-949F-25E4DDB0A775}.Debug|Any CPU.ActiveCfg = Debug|Any CPU
		{922C9AAA-0F4F-4E94-949F-25E4DDB0A775}.Debug|Any CPU.Build.0 = Debug|Any CPU
		{922C9AAA-0F4F-4E94-949F-25E4DDB0A775}.Release|Any CPU.ActiveCfg = Release|Any CPU
		{922C9AAA-0F4F-4E94-949F-25E4DDB0A775}.Release|Any CPU.Build.0 = Release|Any CPU
		{D0153836-0A9A-4D6C-8367-573A18943BE4}.Debug|Any CPU.ActiveCfg = Debug|Any CPU
		{D0153836-0A9A-4D6C-8367-573A18943BE4}.Debug|Any CPU.Build.0 = Debug|Any CPU
		{D0153836-0A9A-4D6C-8367-573A18943BE4}.Release|Any CPU.ActiveCfg = Release|Any CPU
		{D0153836-0A9A-4D6C-8367-573A18943BE4}.Release|Any CPU.Build.0 = Release|Any CPU
		{5291BF6F-588E-4E1A-BBEF-147C8418F21B}.Debug|Any CPU.ActiveCfg = Debug|Any CPU
		{5291BF6F-588E-4E1A-BBEF-147C8418F21B}.Debug|Any CPU.Build.0 = Debug|Any CPU
		{5291BF6F-588E-4E1A-BBEF-147C8418F21B}.Release|Any CPU.ActiveCfg = Release|Any CPU
		{5291BF6F-588E-4E1A-BBEF-147C8418F21B}.Release|Any CPU.Build.0 = Release|Any CPU
		{64F94A1F-9021-4976-A745-727912C898D5}.Debug|Any CPU.ActiveCfg = Debug|Any CPU
		{64F94A1F-9021-4976-A745-727912C898D5}.Debug|Any CPU.Build.0 = Debug|Any CPU
		{64F94A1F-9021-4976-A745-727912C898D5}.Release|Any CPU.ActiveCfg = Release|Any CPU
		{64F94A1F-9021-4976-A745-727912C898D5}.Release|Any CPU.Build.0 = Release|Any CPU
	EndGlobalSection
	GlobalSection(SolutionProperties) = preSolution
		HideSolutionNode = FALSE
	EndGlobalSection
	GlobalSection(ExtensibilityGlobals) = postSolution
		SolutionGuid = {230FEB13-6429-4B4F-B10D-2794F4712358}
	EndGlobalSection
EndGlobal
