
Microsoft Visual Studio Solution File, Format Version 12.00
# Visual Studio Version 17
VisualStudioVersion = 17.0.32014.148
MinimumVisualStudioVersion = 10.0.40219.1
Project("{FAE04EC0-301F-11D3-BF4B-00C04F79EFBC}") = "01. Reverse Strings", "01. Reverse Strings\01. Reverse Strings.csproj", "{61B7259F-B8DC-4F5E-A052-926F12278E3C}"
EndProject
Project("{FAE04EC0-301F-11D3-BF4B-00C04F79EFBC}") = "02. Repeat Strings", "02. Repeat Strings\02. Repeat Strings.csproj", "{E37C3BAE-0348-4D74-8DC4-16151EA6F219}"
EndProject
Project("{FAE04EC0-301F-11D3-BF4B-00C04F79EFBC}") = "03. Substring", "03. Substring\03. Substring.csproj", "{A31AAE46-00F9-4556-8F1B-636530EFC984}"
EndProject
Project("{FAE04EC0-301F-11D3-BF4B-00C04F79EFBC}") = "04. Text Filter", "04. Text Filter\04. Text Filter.csproj", "{F08E7F6F-8CCE-42DF-B2F6-3C55AEC49948}"
EndProject
Project("{FAE04EC0-301F-11D3-BF4B-00C04F79EFBC}") = "05. Digits, Letters and Other", "05. Digits, Letters and Other\05. Digits, Letters and Other.csproj", "{B265A0AB-16C4-4832-A89F-C2EDB689B37E}"
EndProject
Global
	GlobalSection(SolutionConfigurationPlatforms) = preSolution
		Debug|Any CPU = Debug|Any CPU
		Release|Any CPU = Release|Any CPU
	EndGlobalSection
	GlobalSection(ProjectConfigurationPlatforms) = postSolution
		{61B7259F-B8DC-4F5E-A052-926F12278E3C}.Debug|Any CPU.ActiveCfg = Debug|Any CPU
		{61B7259F-B8DC-4F5E-A052-926F12278E3C}.Debug|Any CPU.Build.0 = Debug|Any CPU
		{61B7259F-B8DC-4F5E-A052-926F12278E3C}.Release|Any CPU.ActiveCfg = Release|Any CPU
		{61B7259F-B8DC-4F5E-A052-926F12278E3C}.Release|Any CPU.Build.0 = Release|Any CPU
		{E37C3BAE-0348-4D74-8DC4-16151EA6F219}.Debug|Any CPU.ActiveCfg = Debug|Any CPU
		{E37C3BAE-0348-4D74-8DC4-16151EA6F219}.Debug|Any CPU.Build.0 = Debug|Any CPU
		{E37C3BAE-0348-4D74-8DC4-16151EA6F219}.Release|Any CPU.ActiveCfg = Release|Any CPU
		{E37C3BAE-0348-4D74-8DC4-16151EA6F219}.Release|Any CPU.Build.0 = Release|Any CPU
		{A31AAE46-00F9-4556-8F1B-636530EFC984}.Debug|Any CPU.ActiveCfg = Debug|Any CPU
		{A31AAE46-00F9-4556-8F1B-636530EFC984}.Debug|Any CPU.Build.0 = Debug|Any CPU
		{A31AAE46-00F9-4556-8F1B-636530EFC984}.Release|Any CPU.ActiveCfg = Release|Any CPU
		{A31AAE46-00F9-4556-8F1B-636530EFC984}.Release|Any CPU.Build.0 = Release|Any CPU
		{F08E7F6F-8CCE-42DF-B2F6-3C55AEC49948}.Debug|Any CPU.ActiveCfg = Debug|Any CPU
		{F08E7F6F-8CCE-42DF-B2F6-3C55AEC49948}.Debug|Any CPU.Build.0 = Debug|Any CPU
		{F08E7F6F-8CCE-42DF-B2F6-3C55AEC49948}.Release|Any CPU.ActiveCfg = Release|Any CPU
		{F08E7F6F-8CCE-42DF-B2F6-3C55AEC49948}.Release|Any CPU.Build.0 = Release|Any CPU
		{B265A0AB-16C4-4832-A89F-C2EDB689B37E}.Debug|Any CPU.ActiveCfg = Debug|Any CPU
		{B265A0AB-16C4-4832-A89F-C2EDB689B37E}.Debug|Any CPU.Build.0 = Debug|Any CPU
		{B265A0AB-16C4-4832-A89F-C2EDB689B37E}.Release|Any CPU.ActiveCfg = Release|Any CPU
		{B265A0AB-16C4-4832-A89F-C2EDB689B37E}.Release|Any CPU.Build.0 = Release|Any CPU
	EndGlobalSection
	GlobalSection(SolutionProperties) = preSolution
		HideSolutionNode = FALSE
	EndGlobalSection
	GlobalSection(ExtensibilityGlobals) = postSolution
		SolutionGuid = {A24AA868-CCA1-42F6-97F2-F3370F258DF0}
	EndGlobalSection
EndGlobal
