
Microsoft Visual Studio Solution File, Format Version 12.00
# Visual Studio Version 17
VisualStudioVersion = 17.0.32014.148
MinimumVisualStudioVersion = 10.0.40219.1
Project("{FAE04EC0-301F-11D3-BF4B-00C04F79EFBC}") = "01. USD to BGN", "01. USD to BGN\01. USD to BGN.csproj", "{F96B77EF-5AA1-40F0-A3D3-135A60AC788D}"
EndProject
Project("{FAE04EC0-301F-11D3-BF4B-00C04F79EFBC}") = "02. Radians to Degrees", "02. Radians to Degrees\02. Radians to Degrees.csproj", "{6F0DC724-767D-4FA5-B02B-02A58CC03B08}"
EndProject
Project("{FAE04EC0-301F-11D3-BF4B-00C04F79EFBC}") = "03. Deposit Calculator", "03. Deposit Calculator\03. Deposit Calculator.csproj", "{53ACF9A5-C604-4A63-9B68-BD9EE6EB26FA}"
EndProject
Project("{FAE04EC0-301F-11D3-BF4B-00C04F79EFBC}") = "04. Vacation Books List", "04. Vacation Books List\04. Vacation Books List.csproj", "{B3B76C32-C124-425C-9E26-60608335AA93}"
EndProject
Project("{FAE04EC0-301F-11D3-BF4B-00C04F79EFBC}") = "05. Supplies for School", "05. Supplies for School\05. Supplies for School.csproj", "{3ECE038D-D421-4477-B0EE-D4CCC9B3E661}"
EndProject
Project("{FAE04EC0-301F-11D3-BF4B-00C04F79EFBC}") = "06. Repainting", "06. Repainting\06. Repainting.csproj", "{D4CB8590-0964-4AFE-BF95-99B6B0E68E29}"
EndProject
Project("{FAE04EC0-301F-11D3-BF4B-00C04F79EFBC}") = "07. Food Delivery", "07. Food Delivery\07. Food Delivery.csproj", "{E25511F0-9901-4930-BBA1-19BC006F141E}"
EndProject
Project("{FAE04EC0-301F-11D3-BF4B-00C04F79EFBC}") = "08. Basketball Equipment", "08. Basketball Equipment\08. Basketball Equipment.csproj", "{0D9E1288-05BC-44CE-B735-9163B1DE57EE}"
EndProject
Project("{FAE04EC0-301F-11D3-BF4B-00C04F79EFBC}") = "09. Fish Tank", "09. Fish Tank\09. Fish Tank.csproj", "{43A55EDC-17CB-411F-B32D-BC231A467BB3}"
EndProject
Global
	GlobalSection(SolutionConfigurationPlatforms) = preSolution
		Debug|Any CPU = Debug|Any CPU
		Release|Any CPU = Release|Any CPU
	EndGlobalSection
	GlobalSection(ProjectConfigurationPlatforms) = postSolution
		{F96B77EF-5AA1-40F0-A3D3-135A60AC788D}.Debug|Any CPU.ActiveCfg = Debug|Any CPU
		{F96B77EF-5AA1-40F0-A3D3-135A60AC788D}.Debug|Any CPU.Build.0 = Debug|Any CPU
		{F96B77EF-5AA1-40F0-A3D3-135A60AC788D}.Release|Any CPU.ActiveCfg = Release|Any CPU
		{F96B77EF-5AA1-40F0-A3D3-135A60AC788D}.Release|Any CPU.Build.0 = Release|Any CPU
		{6F0DC724-767D-4FA5-B02B-02A58CC03B08}.Debug|Any CPU.ActiveCfg = Debug|Any CPU
		{6F0DC724-767D-4FA5-B02B-02A58CC03B08}.Debug|Any CPU.Build.0 = Debug|Any CPU
		{6F0DC724-767D-4FA5-B02B-02A58CC03B08}.Release|Any CPU.ActiveCfg = Release|Any CPU
		{6F0DC724-767D-4FA5-B02B-02A58CC03B08}.Release|Any CPU.Build.0 = Release|Any CPU
		{53ACF9A5-C604-4A63-9B68-BD9EE6EB26FA}.Debug|Any CPU.ActiveCfg = Debug|Any CPU
		{53ACF9A5-C604-4A63-9B68-BD9EE6EB26FA}.Debug|Any CPU.Build.0 = Debug|Any CPU
		{53ACF9A5-C604-4A63-9B68-BD9EE6EB26FA}.Release|Any CPU.ActiveCfg = Release|Any CPU
		{53ACF9A5-C604-4A63-9B68-BD9EE6EB26FA}.Release|Any CPU.Build.0 = Release|Any CPU
		{B3B76C32-C124-425C-9E26-60608335AA93}.Debug|Any CPU.ActiveCfg = Debug|Any CPU
		{B3B76C32-C124-425C-9E26-60608335AA93}.Debug|Any CPU.Build.0 = Debug|Any CPU
		{B3B76C32-C124-425C-9E26-60608335AA93}.Release|Any CPU.ActiveCfg = Release|Any CPU
		{B3B76C32-C124-425C-9E26-60608335AA93}.Release|Any CPU.Build.0 = Release|Any CPU
		{3ECE038D-D421-4477-B0EE-D4CCC9B3E661}.Debug|Any CPU.ActiveCfg = Debug|Any CPU
		{3ECE038D-D421-4477-B0EE-D4CCC9B3E661}.Debug|Any CPU.Build.0 = Debug|Any CPU
		{3ECE038D-D421-4477-B0EE-D4CCC9B3E661}.Release|Any CPU.ActiveCfg = Release|Any CPU
		{3ECE038D-D421-4477-B0EE-D4CCC9B3E661}.Release|Any CPU.Build.0 = Release|Any CPU
		{D4CB8590-0964-4AFE-BF95-99B6B0E68E29}.Debug|Any CPU.ActiveCfg = Debug|Any CPU
		{D4CB8590-0964-4AFE-BF95-99B6B0E68E29}.Debug|Any CPU.Build.0 = Debug|Any CPU
		{D4CB8590-0964-4AFE-BF95-99B6B0E68E29}.Release|Any CPU.ActiveCfg = Release|Any CPU
		{D4CB8590-0964-4AFE-BF95-99B6B0E68E29}.Release|Any CPU.Build.0 = Release|Any CPU
		{E25511F0-9901-4930-BBA1-19BC006F141E}.Debug|Any CPU.ActiveCfg = Debug|Any CPU
		{E25511F0-9901-4930-BBA1-19BC006F141E}.Debug|Any CPU.Build.0 = Debug|Any CPU
		{E25511F0-9901-4930-BBA1-19BC006F141E}.Release|Any CPU.ActiveCfg = Release|Any CPU
		{E25511F0-9901-4930-BBA1-19BC006F141E}.Release|Any CPU.Build.0 = Release|Any CPU
		{0D9E1288-05BC-44CE-B735-9163B1DE57EE}.Debug|Any CPU.ActiveCfg = Debug|Any CPU
		{0D9E1288-05BC-44CE-B735-9163B1DE57EE}.Debug|Any CPU.Build.0 = Debug|Any CPU
		{0D9E1288-05BC-44CE-B735-9163B1DE57EE}.Release|Any CPU.ActiveCfg = Release|Any CPU
		{0D9E1288-05BC-44CE-B735-9163B1DE57EE}.Release|Any CPU.Build.0 = Release|Any CPU
		{43A55EDC-17CB-411F-B32D-BC231A467BB3}.Debug|Any CPU.ActiveCfg = Debug|Any CPU
		{43A55EDC-17CB-411F-B32D-BC231A467BB3}.Debug|Any CPU.Build.0 = Debug|Any CPU
		{43A55EDC-17CB-411F-B32D-BC231A467BB3}.Release|Any CPU.ActiveCfg = Release|Any CPU
		{43A55EDC-17CB-411F-B32D-BC231A467BB3}.Release|Any CPU.Build.0 = Release|Any CPU
	EndGlobalSection
	GlobalSection(SolutionProperties) = preSolution
		HideSolutionNode = FALSE
	EndGlobalSection
	GlobalSection(ExtensibilityGlobals) = postSolution
		SolutionGuid = {0E3FCEB8-1225-4A63-946B-B6332B2B953A}
	EndGlobalSection
EndGlobal
